
Microsoft Visual Studio Solution File, Format Version 12.00
# Visual Studio Version 17
VisualStudioVersion = 17.2.32519.379
MinimumVisualStudioVersion = 10.0.40219.1
Project("{9A19103F-16F7-4668-BE54-9A1E7A4F7556}") = "LeetCodeProj", "LeetCodeProj\LeetCodeProj.csproj", "{13036625-AD9D-447C-889F-6F9BC896036A}"
EndProject
Project("{FAE04EC0-301F-11D3-BF4B-00C04F79EFBC}") = "ImplementStackUsingQueues", "ImplementStackUsingQueues\ImplementStackUsingQueues.csproj", "{4E08D24B-45B9-4E88-904A-E3169B900372}"
EndProject
Global
	GlobalSection(SolutionConfigurationPlatforms) = preSolution
		Debug|Any CPU = Debug|Any CPU
		Release|Any CPU = Release|Any CPU
	EndGlobalSection
	GlobalSection(ProjectConfigurationPlatforms) = postSolution
		{13036625-AD9D-447C-889F-6F9BC896036A}.Debug|Any CPU.ActiveCfg = Debug|Any CPU
		{13036625-AD9D-447C-889F-6F9BC896036A}.Debug|Any CPU.Build.0 = Debug|Any CPU
		{13036625-AD9D-447C-889F-6F9BC896036A}.Release|Any CPU.ActiveCfg = Release|Any CPU
		{13036625-AD9D-447C-889F-6F9BC896036A}.Release|Any CPU.Build.0 = Release|Any CPU
		{4E08D24B-45B9-4E88-904A-E3169B900372}.Debug|Any CPU.ActiveCfg = Debug|Any CPU
		{4E08D24B-45B9-4E88-904A-E3169B900372}.Debug|Any CPU.Build.0 = Debug|Any CPU
		{4E08D24B-45B9-4E88-904A-E3169B900372}.Release|Any CPU.ActiveCfg = Release|Any CPU
		{4E08D24B-45B9-4E88-904A-E3169B900372}.Release|Any CPU.Build.0 = Release|Any CPU
	EndGlobalSection
	GlobalSection(SolutionProperties) = preSolution
		HideSolutionNode = FALSE
	EndGlobalSection
	GlobalSection(ExtensibilityGlobals) = postSolution
		SolutionGuid = {995ADAE3-9EAB-43CD-9AC0-07B9FE1C06B7}
	EndGlobalSection
EndGlobal
